
Microsoft Visual Studio Solution File, Format Version 11.00
# Visual Studio 2010
Project("{FAE04EC0-301F-11D3-BF4B-00C04F79EFBC}") = "SharpGeoJSON", "SharpGeoJSON\SharpGeoJSON.csproj", "{568C3EDD-89C6-495A-AFA3-73B8CDC61D36}"
EndProject
Project("{FAE04EC0-301F-11D3-BF4B-00C04F79EFBC}") = "SharpGeoJSON.UnitTests", "SharpGeoJSON.UnitTests\SharpGeoJSON.UnitTests.csproj", "{916246A5-C758-45AD-93CA-6ACF952C50D8}"
EndProject
Project("{FAE04EC0-301F-11D3-BF4B-00C04F79EFBC}") = "SharpGeoJSON.MonoDroid", "SharpGeoJSON.MonoDroid\SharpGeoJSON.MonoDroid.csproj", "{68611F1D-F278-4E84-B5F3-24A2293EB0D9}"
EndProject
Global
	GlobalSection(SolutionConfigurationPlatforms) = preSolution
		Debug|Any CPU = Debug|Any CPU
		Release|Any CPU = Release|Any CPU
	EndGlobalSection
	GlobalSection(ProjectConfigurationPlatforms) = postSolution
		{568C3EDD-89C6-495A-AFA3-73B8CDC61D36}.Debug|Any CPU.ActiveCfg = Debug|Any CPU
		{568C3EDD-89C6-495A-AFA3-73B8CDC61D36}.Debug|Any CPU.Build.0 = Debug|Any CPU
		{568C3EDD-89C6-495A-AFA3-73B8CDC61D36}.Release|Any CPU.ActiveCfg = Release|Any CPU
		{568C3EDD-89C6-495A-AFA3-73B8CDC61D36}.Release|Any CPU.Build.0 = Release|Any CPU
		{916246A5-C758-45AD-93CA-6ACF952C50D8}.Debug|Any CPU.ActiveCfg = Debug|Any CPU
		{916246A5-C758-45AD-93CA-6ACF952C50D8}.Debug|Any CPU.Build.0 = Debug|Any CPU
		{916246A5-C758-45AD-93CA-6ACF952C50D8}.Release|Any CPU.ActiveCfg = Release|Any CPU
		{916246A5-C758-45AD-93CA-6ACF952C50D8}.Release|Any CPU.Build.0 = Release|Any CPU
		{68611F1D-F278-4E84-B5F3-24A2293EB0D9}.Debug|Any CPU.ActiveCfg = Debug|Any CPU
		{68611F1D-F278-4E84-B5F3-24A2293EB0D9}.Debug|Any CPU.Build.0 = Debug|Any CPU
		{68611F1D-F278-4E84-B5F3-24A2293EB0D9}.Release|Any CPU.ActiveCfg = Release|Any CPU
		{68611F1D-F278-4E84-B5F3-24A2293EB0D9}.Release|Any CPU.Build.0 = Release|Any CPU
	EndGlobalSection
	GlobalSection(SolutionProperties) = preSolution
		HideSolutionNode = FALSE
	EndGlobalSection
EndGlobal
