
Microsoft Visual Studio Solution File, Format Version 11.00
# Visual Studio 2010
Project("{FAE04EC0-301F-11D3-BF4B-00C04F79EFBC}") = "SharpGeoJson", "SharpGeoJson\SharpGeoJson.csproj", "{568C3EDD-89C6-495A-AFA3-73B8CDC61D36}"
EndProject
Project("{FAE04EC0-301F-11D3-BF4B-00C04F79EFBC}") = "SharpGeoJson.Test", "SharpGeoJson.Test\SharpGeoJson.Test.csproj", "{916246A5-C758-45AD-93CA-6ACF952C50D8}"
EndProject
Project("{2150E333-8FDC-42A3-9474-1A3956D46DE8}") = ".nuget", ".nuget", "{815892B1-F6A5-4DDD-9F5F-4B27C2075651}"
	ProjectSection(SolutionItems) = preProject
		.nuget\NuGet.Config = .nuget\NuGet.Config
		.nuget\nuget.exe = .nuget\nuget.exe
		.nuget\NuGet.targets = .nuget\NuGet.targets
	EndProjectSection
EndProject
Global
	GlobalSection(SolutionConfigurationPlatforms) = preSolution
		Debug|Any CPU = Debug|Any CPU
		Release|Any CPU = Release|Any CPU
	EndGlobalSection
	GlobalSection(ProjectConfigurationPlatforms) = postSolution
		{568C3EDD-89C6-495A-AFA3-73B8CDC61D36}.Debug|Any CPU.ActiveCfg = Debug|Any CPU
		{568C3EDD-89C6-495A-AFA3-73B8CDC61D36}.Debug|Any CPU.Build.0 = Debug|Any CPU
		{568C3EDD-89C6-495A-AFA3-73B8CDC61D36}.Release|Any CPU.ActiveCfg = Release|Any CPU
		{568C3EDD-89C6-495A-AFA3-73B8CDC61D36}.Release|Any CPU.Build.0 = Release|Any CPU
		{916246A5-C758-45AD-93CA-6ACF952C50D8}.Debug|Any CPU.ActiveCfg = Debug|Any CPU
		{916246A5-C758-45AD-93CA-6ACF952C50D8}.Debug|Any CPU.Build.0 = Debug|Any CPU
		{916246A5-C758-45AD-93CA-6ACF952C50D8}.Release|Any CPU.ActiveCfg = Release|Any CPU
		{916246A5-C758-45AD-93CA-6ACF952C50D8}.Release|Any CPU.Build.0 = Release|Any CPU
	EndGlobalSection
	GlobalSection(SolutionProperties) = preSolution
		HideSolutionNode = FALSE
	EndGlobalSection
EndGlobal
